// !$*UTF8*$!
{
	archiveVersion = 1;
	classes = {};
	objectVersion = 56;
	objects = {

/* Begin PBXBuildFile section */
		5BE285B2F70F4775ADC18459 /* Assets.xcassets in Resources */ = {isa = PBXBuildFile; fileRef = 58CD2BAEC6F845909559CF42 /* Assets.xcassets */; };
		240CB13B53394E43A8B07AC2 /* MacRDPApp.swift in Sources */ = {isa = PBXBuildFile; fileRef = 97ED798F1DE942539D182A9E /* MacRDPApp.swift */; };
		96BA7D6E69F1417F8B8595E4 /* RDPBridge.swift in Sources */ = {isa = PBXBuildFile; fileRef = 4D762C9804AC42E4A1AC03F6 /* RDPBridge.swift */; };
		CB6F47946179471CBE1FB4ED /* RDPFrameConverter.swift in Sources */ = {isa = PBXBuildFile; fileRef = 7F1059435077496C9309CD83 /* RDPFrameConverter.swift */; };
		B6255EC67E8540DBB78488D6 /* ColorMode.swift in Sources */ = {isa = PBXBuildFile; fileRef = A14444D262044017BF6ADBA5 /* ColorMode.swift */; };
		BAA08F90A2064E6999CE430D /* HostProfile.swift in Sources */ = {isa = PBXBuildFile; fileRef = ADEFFEBC19EB4AF3BDFA36A0 /* HostProfile.swift */; };
		E91C23708F3F498F93B2D37C /* ProductDefaults.swift in Sources */ = {isa = PBXBuildFile; fileRef = 59375248AB21431CAFB2A75A /* ProductDefaults.swift */; };
		1B0E5BC9ECCA4EFF8ABDE645 /* RDPConnectionError.swift in Sources */ = {isa = PBXBuildFile; fileRef = 7CA71504D8DB41A4A4D16370 /* RDPConnectionError.swift */; };
		367ECCC6EB47408D857E51F4 /* ResolutionPreset.swift in Sources */ = {isa = PBXBuildFile; fileRef = 68BAC5193765412EBC57CD56 /* ResolutionPreset.swift */; };
		3FB74943CEE14DEEB564BB4C /* SessionState.swift in Sources */ = {isa = PBXBuildFile; fileRef = 036B502DBD02454D80340E3F /* SessionState.swift */; };
		1C31F24CCCD7485E9C7D90CA /* WeakNetHooks.swift in Sources */ = {isa = PBXBuildFile; fileRef = B3881EF06B53410183B522A8 /* WeakNetHooks.swift */; };
		AD86F98D940E433090F85AFB /* ContentView.swift in Sources */ = {isa = PBXBuildFile; fileRef = 6821044D54764AED9C346D23 /* ContentView.swift */; };
		7FB9FC2D77A84D3995CA5E7A /* HostDetailView.swift in Sources */ = {isa = PBXBuildFile; fileRef = 37F8A973FDED42ABB509B3DD /* HostDetailView.swift */; };
		901984F017F8407A8B1A5A3A /* HostEditorView.swift in Sources */ = {isa = PBXBuildFile; fileRef = 2C593AE7BE8B4A32A3BF1548 /* HostEditorView.swift */; };
		0B4A9FD3C11A4CFCB3C59470 /* SessionView.swift in Sources */ = {isa = PBXBuildFile; fileRef = 8F8972B245904A3796F34FF5 /* SessionView.swift */; };
		8F17BFB63EEF405DB3FD46B6 /* ColorModeProcessor.swift in Sources */ = {isa = PBXBuildFile; fileRef = 2259132714244845891933BD /* ColorModeProcessor.swift */; };
		8CB638DFDB8A4126834B1493 /* HostStore.swift in Sources */ = {isa = PBXBuildFile; fileRef = 6665571B748D42F59F951F42 /* HostStore.swift */; };
		AF1E66C71C494411AC25D9F4 /* KeychainService.swift in Sources */ = {isa = PBXBuildFile; fileRef = FC5FC8769334435DBE387AD4 /* KeychainService.swift */; };
		6159940A0A4644A28AD830E8 /* RDPSessionController.swift in Sources */ = {isa = PBXBuildFile; fileRef = B4BB9E48A7754886A7FF88CA /* RDPSessionController.swift */; };
		6807FD574BFA42A68DDC0FFA /* RDPSessionProtocol.swift in Sources */ = {isa = PBXBuildFile; fileRef = 2E4680CC866A4F9CA316A102 /* RDPSessionProtocol.swift */; };
		F1ED553C74B14BE08681DADF /* StubRDPSession.swift in Sources */ = {isa = PBXBuildFile; fileRef = 7785442F949F4F9A8F0610C4 /* StubRDPSession.swift */; };
		C946B44E6B5B4DE78979E2B0 /* rdp_bridge.c in Sources */ = {isa = PBXBuildFile; fileRef = A186D5D353214B20B68A7B17 /* rdp_bridge.c */; };
		38DB39350D3C4D938C610468 /* rdp_bridge_freerdp.c in Sources */ = {isa = PBXBuildFile; fileRef = D352CECA32F34B1A9830E344 /* rdp_bridge_freerdp.c */; };
		2A3B7A1D19934B4CA0F19FB4 /* AppKit.framework in Frameworks */ = {isa = PBXBuildFile; fileRef = EE0DE491C38646F7B01D65CD /* AppKit.framework */; };
		DB4E07C88BD9446FA410F73E /* SwiftUI.framework in Frameworks */ = {isa = PBXBuildFile; fileRef = 78AC4DE2D3CB46BB9CD764A4 /* SwiftUI.framework */; };
		3BE244A78BD94394901B92EE /* Security.framework in Frameworks */ = {isa = PBXBuildFile; fileRef = 8E8EA7CD1A8F488D981A33AF /* Security.framework */; };
		C5DC3BD3EE6F4D29A142483B /* CoreGraphics.framework in Frameworks */ = {isa = PBXBuildFile; fileRef = CF60EC8DFBCF4099B630BD75 /* CoreGraphics.framework */; };
/* End PBXBuildFile section */

/* Begin PBXFileReference section */
		040AB90DC30E47E1A8FEB9C6 /* MacRDP.app */ = {isa = PBXFileReference; explicitFileType = wrapper.application; includeInIndex = 0; path = MacRDP.app; sourceTree = BUILT_PRODUCTS_DIR; };
		58CD2BAEC6F845909559CF42 /* Assets.xcassets */ = {isa = PBXFileReference; lastKnownFileType = folder.assetcatalog; path = MacRDP/Resources/Assets.xcassets; sourceTree = SOURCE_ROOT; };
		A69E4CDFECC544BA870388CE /* MacRDP-Bridging-Header.h */ = {isa = PBXFileReference; lastKnownFileType = sourcecode.c.h; path = "MacRDP/MacRDP-Bridging-Header.h"; sourceTree = SOURCE_ROOT; };
		97ED798F1DE942539D182A9E /* MacRDPApp.swift */ = {isa = PBXFileReference; lastKnownFileType = sourcecode.swift; path = "MacRDP/MacRDPApp.swift"; sourceTree = SOURCE_ROOT; };
		4D762C9804AC42E4A1AC03F6 /* RDPBridge.swift */ = {isa = PBXFileReference; lastKnownFileType = sourcecode.swift; path = "MacRDP/Bridge/RDPBridge.swift"; sourceTree = SOURCE_ROOT; };
		7F1059435077496C9309CD83 /* RDPFrameConverter.swift */ = {isa = PBXFileReference; lastKnownFileType = sourcecode.swift; path = "MacRDP/Bridge/RDPFrameConverter.swift"; sourceTree = SOURCE_ROOT; };
		A14444D262044017BF6ADBA5 /* ColorMode.swift */ = {isa = PBXFileReference; lastKnownFileType = sourcecode.swift; path = "MacRDP/Models/ColorMode.swift"; sourceTree = SOURCE_ROOT; };
		ADEFFEBC19EB4AF3BDFA36A0 /* HostProfile.swift */ = {isa = PBXFileReference; lastKnownFileType = sourcecode.swift; path = "MacRDP/Models/HostProfile.swift"; sourceTree = SOURCE_ROOT; };
		59375248AB21431CAFB2A75A /* ProductDefaults.swift */ = {isa = PBXFileReference; lastKnownFileType = sourcecode.swift; path = "MacRDP/Models/ProductDefaults.swift"; sourceTree = SOURCE_ROOT; };
		7CA71504D8DB41A4A4D16370 /* RDPConnectionError.swift */ = {isa = PBXFileReference; lastKnownFileType = sourcecode.swift; path = "MacRDP/Models/RDPConnectionError.swift"; sourceTree = SOURCE_ROOT; };
		68BAC5193765412EBC57CD56 /* ResolutionPreset.swift */ = {isa = PBXFileReference; lastKnownFileType = sourcecode.swift; path = "MacRDP/Models/ResolutionPreset.swift"; sourceTree = SOURCE_ROOT; };
		036B502DBD02454D80340E3F /* SessionState.swift */ = {isa = PBXFileReference; lastKnownFileType = sourcecode.swift; path = "MacRDP/Models/SessionState.swift"; sourceTree = SOURCE_ROOT; };
		B3881EF06B53410183B522A8 /* WeakNetHooks.swift */ = {isa = PBXFileReference; lastKnownFileType = sourcecode.swift; path = "MacRDP/WeakNet/WeakNetHooks.swift"; sourceTree = SOURCE_ROOT; };
		6821044D54764AED9C346D23 /* ContentView.swift */ = {isa = PBXFileReference; lastKnownFileType = sourcecode.swift; path = "MacRDP/Views/ContentView.swift"; sourceTree = SOURCE_ROOT; };
		37F8A973FDED42ABB509B3DD /* HostDetailView.swift */ = {isa = PBXFileReference; lastKnownFileType = sourcecode.swift; path = "MacRDP/Views/HostDetailView.swift"; sourceTree = SOURCE_ROOT; };
		2C593AE7BE8B4A32A3BF1548 /* HostEditorView.swift */ = {isa = PBXFileReference; lastKnownFileType = sourcecode.swift; path = "MacRDP/Views/HostEditorView.swift"; sourceTree = SOURCE_ROOT; };
		8F8972B245904A3796F34FF5 /* SessionView.swift */ = {isa = PBXFileReference; lastKnownFileType = sourcecode.swift; path = "MacRDP/Views/SessionView.swift"; sourceTree = SOURCE_ROOT; };
		2259132714244845891933BD /* ColorModeProcessor.swift */ = {isa = PBXFileReference; lastKnownFileType = sourcecode.swift; path = "MacRDP/Services/ColorModeProcessor.swift"; sourceTree = SOURCE_ROOT; };
		6665571B748D42F59F951F42 /* HostStore.swift */ = {isa = PBXFileReference; lastKnownFileType = sourcecode.swift; path = "MacRDP/Services/HostStore.swift"; sourceTree = SOURCE_ROOT; };
		FC5FC8769334435DBE387AD4 /* KeychainService.swift */ = {isa = PBXFileReference; lastKnownFileType = sourcecode.swift; path = "MacRDP/Services/KeychainService.swift"; sourceTree = SOURCE_ROOT; };
		B4BB9E48A7754886A7FF88CA /* RDPSessionController.swift */ = {isa = PBXFileReference; lastKnownFileType = sourcecode.swift; path = "MacRDP/Session/RDPSessionController.swift"; sourceTree = SOURCE_ROOT; };
		2E4680CC866A4F9CA316A102 /* RDPSessionProtocol.swift */ = {isa = PBXFileReference; lastKnownFileType = sourcecode.swift; path = "MacRDP/Session/RDPSessionProtocol.swift"; sourceTree = SOURCE_ROOT; };
		7785442F949F4F9A8F0610C4 /* StubRDPSession.swift */ = {isa = PBXFileReference; lastKnownFileType = sourcecode.swift; path = "MacRDP/Session/StubRDPSession.swift"; sourceTree = SOURCE_ROOT; };
		A186D5D353214B20B68A7B17 /* rdp_bridge.c */ = {isa = PBXFileReference; lastKnownFileType = sourcecode.c.c; path = "../native/src/rdp_bridge.c"; sourceTree = SOURCE_ROOT; };
		D352CECA32F34B1A9830E344 /* rdp_bridge_freerdp.c */ = {isa = PBXFileReference; lastKnownFileType = sourcecode.c.c; path = "../native/src/rdp_bridge_freerdp.c"; sourceTree = SOURCE_ROOT; };
		EE0DE491C38646F7B01D65CD /* AppKit.framework */ = {isa = PBXFileReference; lastKnownFileType = wrapper.framework; name = AppKit.framework; path = System/Library/Frameworks/AppKit.framework; sourceTree = SDKROOT; };
		78AC4DE2D3CB46BB9CD764A4 /* SwiftUI.framework */ = {isa = PBXFileReference; lastKnownFileType = wrapper.framework; name = SwiftUI.framework; path = System/Library/Frameworks/SwiftUI.framework; sourceTree = SDKROOT; };
		8E8EA7CD1A8F488D981A33AF /* Security.framework */ = {isa = PBXFileReference; lastKnownFileType = wrapper.framework; name = Security.framework; path = System/Library/Frameworks/Security.framework; sourceTree = SDKROOT; };
		CF60EC8DFBCF4099B630BD75 /* CoreGraphics.framework */ = {isa = PBXFileReference; lastKnownFileType = wrapper.framework; name = CoreGraphics.framework; path = System/Library/Frameworks/CoreGraphics.framework; sourceTree = SDKROOT; };
/* End PBXFileReference section */

/* Begin PBXFrameworksBuildPhase section */
		F1D0A9744FB44878B0E48791 /* Frameworks */ = {
			isa = PBXFrameworksBuildPhase;
			buildActionMask = 2147483647;
			files = (
				2A3B7A1D19934B4CA0F19FB4 /* AppKit.framework in Frameworks */,
				DB4E07C88BD9446FA410F73E /* SwiftUI.framework in Frameworks */,
				3BE244A78BD94394901B92EE /* Security.framework in Frameworks */,
				C5DC3BD3EE6F4D29A142483B /* CoreGraphics.framework in Frameworks */,
			);
			runOnlyForDeploymentPostprocessing = 0;
		};
/* End PBXFrameworksBuildPhase section */

/* Begin PBXGroup section */
		46307CF4871549279AB4884C = {
			isa = PBXGroup;
			children = (
				12D17AEB12F74974800971E3 /* MacRDP */,
				BBEB925E55F041129CD627D5 /* Products */,
			);
			sourceTree = "<group>";
		};
		12D17AEB12F74974800971E3 /* MacRDP */ = {
			isa = PBXGroup;
			children = (
				58CD2BAEC6F845909559CF42 /* Assets.xcassets */,
				A69E4CDFECC544BA870388CE /* MacRDP-Bridging-Header.h */,
				97ED798F1DE942539D182A9E /* MacRDPApp.swift */,
				4D762C9804AC42E4A1AC03F6 /* RDPBridge.swift */,
				7F1059435077496C9309CD83 /* RDPFrameConverter.swift */,
				A14444D262044017BF6ADBA5 /* ColorMode.swift */,
				ADEFFEBC19EB4AF3BDFA36A0 /* HostProfile.swift */,
				59375248AB21431CAFB2A75A /* ProductDefaults.swift */,
				7CA71504D8DB41A4A4D16370 /* RDPConnectionError.swift */,
				68BAC5193765412EBC57CD56 /* ResolutionPreset.swift */,
				036B502DBD02454D80340E3F /* SessionState.swift */,
				B3881EF06B53410183B522A8 /* WeakNetHooks.swift */,
				6821044D54764AED9C346D23 /* ContentView.swift */,
				37F8A973FDED42ABB509B3DD /* HostDetailView.swift */,
				2C593AE7BE8B4A32A3BF1548 /* HostEditorView.swift */,
				8F8972B245904A3796F34FF5 /* SessionView.swift */,
				2259132714244845891933BD /* ColorModeProcessor.swift */,
				6665571B748D42F59F951F42 /* HostStore.swift */,
				FC5FC8769334435DBE387AD4 /* KeychainService.swift */,
				B4BB9E48A7754886A7FF88CA /* RDPSessionController.swift */,
				2E4680CC866A4F9CA316A102 /* RDPSessionProtocol.swift */,
				7785442F949F4F9A8F0610C4 /* StubRDPSession.swift */,
				A186D5D353214B20B68A7B17 /* rdp_bridge.c */,
				D352CECA32F34B1A9830E344 /* rdp_bridge_freerdp.c */,
				EE0DE491C38646F7B01D65CD /* AppKit.framework */,
				78AC4DE2D3CB46BB9CD764A4 /* SwiftUI.framework */,
				8E8EA7CD1A8F488D981A33AF /* Security.framework */,
				CF60EC8DFBCF4099B630BD75 /* CoreGraphics.framework */,
			);
			path = "";
			sourceTree = "<group>";
		};
		BBEB925E55F041129CD627D5 /* Products */ = {
			isa = PBXGroup;
			children = (
				040AB90DC30E47E1A8FEB9C6 /* MacRDP.app */,
			);
			name = Products;
			sourceTree = "<group>";
		};
/* End PBXGroup section */

/* Begin PBXNativeTarget section */
		41C28A5C92224A678B593380 /* MacRDP */ = {
			isa = PBXNativeTarget;
			buildConfigurationList = DF8C370F7E334EC0B36E8134 /* Build configuration list for PBXNativeTarget "MacRDP" */;
			buildPhases = (
				091EDDB51C93442CB3205107 /* Sources */,
				F1D0A9744FB44878B0E48791 /* Frameworks */,
				94BCA66D315A4F38B6655032 /* Resources */,
			);
			buildRules = (
			);
			dependencies = (
			);
			name = MacRDP;
			productName = MacRDP;
			productReference = 040AB90DC30E47E1A8FEB9C6 /* MacRDP.app */;
			productType = "com.apple.product-type.application";
		};
/* End PBXNativeTarget section */

/* Begin PBXProject section */
		C5443215F9194D47A09E1C56 /* Project object */ = {
			isa = PBXProject;
			attributes = {
				BuildIndependentTargetsInParallel = 1;
				LastSwiftUpdateCheck = 1520;
				LastUpgradeCheck = 1520;
			};
			buildConfigurationList = 8228BDAECE9647688DAD270F /* Build configuration list for PBXProject "MacRDP" */;
			compatibilityVersion = "Xcode 14.0";
			developmentRegion = en;
			hasScannedForEncodings = 0;
			knownRegions = (
				en,
				Base,
			);
			mainGroup = 46307CF4871549279AB4884C;
			productRefGroup = BBEB925E55F041129CD627D5 /* Products */;
			projectDirPath = "";
			projectRoot = "";
			targets = (
				41C28A5C92224A678B593380 /* MacRDP */,
			);
		};
/* End PBXProject section */

/* Begin PBXResourcesBuildPhase section */
		94BCA66D315A4F38B6655032 /* Resources */ = {
			isa = PBXResourcesBuildPhase;
			buildActionMask = 2147483647;
			files = (
				5BE285B2F70F4775ADC18459 /* Assets.xcassets in Resources */,
			);
			runOnlyForDeploymentPostprocessing = 0;
		};
/* End PBXResourcesBuildPhase section */

/* Begin PBXSourcesBuildPhase section */
		091EDDB51C93442CB3205107 /* Sources */ = {
			isa = PBXSourcesBuildPhase;
			buildActionMask = 2147483647;
			files = (
				240CB13B53394E43A8B07AC2 /* MacRDPApp.swift in Sources */,
				96BA7D6E69F1417F8B8595E4 /* RDPBridge.swift in Sources */,
				CB6F47946179471CBE1FB4ED /* RDPFrameConverter.swift in Sources */,
				B6255EC67E8540DBB78488D6 /* ColorMode.swift in Sources */,
				BAA08F90A2064E6999CE430D /* HostProfile.swift in Sources */,
				E91C23708F3F498F93B2D37C /* ProductDefaults.swift in Sources */,
				1B0E5BC9ECCA4EFF8ABDE645 /* RDPConnectionError.swift in Sources */,
				367ECCC6EB47408D857E51F4 /* ResolutionPreset.swift in Sources */,
				3FB74943CEE14DEEB564BB4C /* SessionState.swift in Sources */,
				1C31F24CCCD7485E9C7D90CA /* WeakNetHooks.swift in Sources */,
				AD86F98D940E433090F85AFB /* ContentView.swift in Sources */,
				7FB9FC2D77A84D3995CA5E7A /* HostDetailView.swift in Sources */,
				901984F017F8407A8B1A5A3A /* HostEditorView.swift in Sources */,
				0B4A9FD3C11A4CFCB3C59470 /* SessionView.swift in Sources */,
				8F17BFB63EEF405DB3FD46B6 /* ColorModeProcessor.swift in Sources */,
				8CB638DFDB8A4126834B1493 /* HostStore.swift in Sources */,
				AF1E66C71C494411AC25D9F4 /* KeychainService.swift in Sources */,
				6159940A0A4644A28AD830E8 /* RDPSessionController.swift in Sources */,
				6807FD574BFA42A68DDC0FFA /* RDPSessionProtocol.swift in Sources */,
				F1ED553C74B14BE08681DADF /* StubRDPSession.swift in Sources */,
				C946B44E6B5B4DE78979E2B0 /* rdp_bridge.c in Sources */,
				38DB39350D3C4D938C610468 /* rdp_bridge_freerdp.c in Sources */,
			);
			runOnlyForDeploymentPostprocessing = 0;
		};
/* End PBXSourcesBuildPhase section */

/* Begin XCBuildConfiguration section */
		AB5A616604054B528E3BD81E /* Debug */ = {
			isa = XCBuildConfiguration;
			buildSettings = {
				ALWAYS_SEARCH_USER_PATHS = NO;
				CLANG_ENABLE_MODULES = YES;
				CLANG_ENABLE_OBJC_ARC = YES;
				COPY_PHASE_STRIP = NO;
				DEBUG_INFORMATION_FORMAT = "dwarf";
				GCC_DYNAMIC_NO_PIC = NO;
				GCC_OPTIMIZATION_LEVEL = 0;
				ONLY_ACTIVE_ARCH = YES;
				SWIFT_OPTIMIZATION_LEVEL = "-Onone";
				SWIFT_ACTIVE_COMPILATION_CONDITIONS = DEBUG;
				MACOSX_DEPLOYMENT_TARGET = 13.0;
				SDKROOT = macosx;
			};
			name = Debug;
		};
		6822C09632C845268D5BB985 /* Release */ = {
			isa = XCBuildConfiguration;
			buildSettings = {
				ALWAYS_SEARCH_USER_PATHS = NO;
				CLANG_ENABLE_MODULES = YES;
				CLANG_ENABLE_OBJC_ARC = YES;
				COPY_PHASE_STRIP = NO;
				DEBUG_INFORMATION_FORMAT = "dwarf-with-dsym";
				GCC_DYNAMIC_NO_PIC = YES;
				MACOSX_DEPLOYMENT_TARGET = 13.0;
				SDKROOT = macosx;
			};
			name = Release;
		};
		2AA3BAFD140E40E2BE350E81 /* Debug */ = {
			isa = XCBuildConfiguration;
			buildSettings = {
				ASSETCATALOG_COMPILER_APPICON_NAME = AppIcon;
				CODE_SIGN_STYLE = Automatic;
				COMBINE_HIDPI_IMAGES = YES;
				CURRENT_PROJECT_VERSION = 1;
				ENABLE_HARDENED_RUNTIME = YES;
				GENERATE_INFOPLIST_FILE = YES;
				INFOPLIST_KEY_CFBundleDisplayName = macrdp;
				INFOPLIST_KEY_LSApplicationCategoryType = "public.app-category.utilities";
				INFOPLIST_KEY_NSHumanReadableCopyright = "";
				INFOPLIST_KEY_NSPrincipalClass = NSApplication;
				LD_RUNPATH_SEARCH_PATHS = (
					"$(inherited)",
					"@executable_path/../Frameworks",
				);
				MACOSX_DEPLOYMENT_TARGET = 13.0;
				MARKETING_VERSION = 0.1.0;
				PRODUCT_BUNDLE_IDENTIFIER = com.macrdp.app;
				PRODUCT_NAME = "$(TARGET_NAME)";
				SWIFT_EMIT_LOC_STRINGS = YES;
				SWIFT_VERSION = 5.0;
				SWIFT_OBJC_BRIDGING_HEADER = "MacRDP/MacRDP-Bridging-Header.h";
				HEADER_SEARCH_PATHS = (
					"$(SRCROOT)/../native/include",
				);
				OTHER_CFLAGS = (
					"-I$(SRCROOT)/../native/include",
				);
				ARCHS = "x86_64";
				ONLY_ACTIVE_ARCH = YES;
			};
			name = Debug;
		};
		40F06A36FFC44DC18A8D44AD /* Release */ = {
			isa = XCBuildConfiguration;
			buildSettings = {
				ASSETCATALOG_COMPILER_APPICON_NAME = AppIcon;
				CODE_SIGN_STYLE = Automatic;
				COMBINE_HIDPI_IMAGES = YES;
				CURRENT_PROJECT_VERSION = 1;
				ENABLE_HARDENED_RUNTIME = YES;
				GENERATE_INFOPLIST_FILE = YES;
				INFOPLIST_KEY_CFBundleDisplayName = macrdp;
				INFOPLIST_KEY_LSApplicationCategoryType = "public.app-category.utilities";
				INFOPLIST_KEY_NSHumanReadableCopyright = "";
				INFOPLIST_KEY_NSPrincipalClass = NSApplication;
				LD_RUNPATH_SEARCH_PATHS = (
					"$(inherited)",
					"@executable_path/../Frameworks",
				);
				MACOSX_DEPLOYMENT_TARGET = 13.0;
				MARKETING_VERSION = 0.1.0;
				PRODUCT_BUNDLE_IDENTIFIER = com.macrdp.app;
				PRODUCT_NAME = "$(TARGET_NAME)";
				SWIFT_EMIT_LOC_STRINGS = YES;
				SWIFT_VERSION = 5.0;
				SWIFT_OBJC_BRIDGING_HEADER = "MacRDP/MacRDP-Bridging-Header.h";
				HEADER_SEARCH_PATHS = (
					"$(SRCROOT)/../native/include",
				);
				OTHER_CFLAGS = (
					"-I$(SRCROOT)/../native/include",
				);
				ARCHS = "x86_64";
				ONLY_ACTIVE_ARCH = YES;
			};
			name = Release;
		};
/* End XCBuildConfiguration section */

/* Begin XCConfigurationList section */
		8228BDAECE9647688DAD270F /* Build configuration list for PBXProject "MacRDP" */ = {
			isa = XCConfigurationList;
			buildConfigurations = (
				AB5A616604054B528E3BD81E /* Debug */,
				6822C09632C845268D5BB985 /* Release */,
			);
			defaultConfigurationIsVisible = 0;
			defaultConfigurationName = Release;
		};
		DF8C370F7E334EC0B36E8134 /* Build configuration list for PBXNativeTarget "MacRDP" */ = {
			isa = XCConfigurationList;
			buildConfigurations = (
				2AA3BAFD140E40E2BE350E81 /* Debug */,
				40F06A36FFC44DC18A8D44AD /* Release */,
			);
			defaultConfigurationIsVisible = 0;
			defaultConfigurationName = Release;
		};
/* End XCConfigurationList section */
	};
	rootObject = C5443215F9194D47A09E1C56 /* Project object */;
}
