// !$*UTF8*$!
{
	archiveVersion = 1;
	classes = {};
	objectVersion = 56;
	objects = {

/* Begin PBXBuildFile section */
		DAE299CE2FAA487F83FD4589 /* Assets.xcassets in Resources */ = {isa = PBXBuildFile; fileRef = B20047570888438B8333C86C /* Assets.xcassets */; };
		0F0785A5921242E68A5B7D55 /* RDPAirPlayApp.swift in Sources */ = {isa = PBXBuildFile; fileRef = 3F10D21B392A489487937325 /* RDPAirPlayApp.swift */; };
		E91E7792858346FBBA595637 /* AppDelegate.swift in Sources */ = {isa = PBXBuildFile; fileRef = 540B2629A75E423C98F91AFE /* AppDelegate.swift */; };
		06E1FC23B76847EFA019C87C /* ExternalDisplaySceneDelegate.swift in Sources */ = {isa = PBXBuildFile; fileRef = 3D3A23A1163445A88454592A /* ExternalDisplaySceneDelegate.swift */; };
		CA75E72E972340908B1C9A12 /* HardwareKeyboardHost.swift in Sources */ = {isa = PBXBuildFile; fileRef = 6F50578BFC174D13A3328D69 /* HardwareKeyboardHost.swift */; };
		72E077B00EF14B7F9EBA13EB /* HardwareKeyboardMapper.swift in Sources */ = {isa = PBXBuildFile; fileRef = D54E9E68BDF24CA4B652744F /* HardwareKeyboardMapper.swift */; };
		CC3F2D48E4384853862C3867 /* MouseInputHandler.swift in Sources */ = {isa = PBXBuildFile; fileRef = 5FF8F96E00484B7387CB694D /* MouseInputHandler.swift */; };
		7B7E8D3C4B2C4B468910FD8C /* SessionInputCoordinator.swift in Sources */ = {isa = PBXBuildFile; fileRef = 3DA19356C60E425BABB832FF /* SessionInputCoordinator.swift */; };
		B9690EA1C63744AFA9CEAFCD /* RDPBridge.swift in Sources */ = {isa = PBXBuildFile; fileRef = A50DCAE003DE4F74AB28AC1A /* RDPBridge.swift */; };
		CC31AF4BA2BB44DA87D91A9B /* RDPFrameConverter.swift in Sources */ = {isa = PBXBuildFile; fileRef = 594EFDE7D1E1439ABF83094D /* RDPFrameConverter.swift */; };
		FD401240A97E4611B7A7E1E4 /* ColorMode.swift in Sources */ = {isa = PBXBuildFile; fileRef = 9B167DB0F030476B956B8176 /* ColorMode.swift */; };
		239B93380B204527BF986E34 /* HostProfile.swift in Sources */ = {isa = PBXBuildFile; fileRef = 6AF74EDF3A264184BFA81361 /* HostProfile.swift */; };
		CA110303AD8641A3A8B8B39F /* RDPConnectionError.swift in Sources */ = {isa = PBXBuildFile; fileRef = 164A23AB04004E0B84CE4ABF /* RDPConnectionError.swift */; };
		3F529CC4128344E69EC51FBA /* ResolutionPreset.swift in Sources */ = {isa = PBXBuildFile; fileRef = FAF76E1DBE054D9A9BA767E6 /* ResolutionPreset.swift */; };
		96CF7A98B868455EB952A550 /* SessionState.swift in Sources */ = {isa = PBXBuildFile; fileRef = E1BD25A5AC3C475ABF762827 /* SessionState.swift */; };
		6884E0463FCB4879BF5DFC6A /* ExternalDesktopView.swift in Sources */ = {isa = PBXBuildFile; fileRef = 4C467448A59049BDB8E11FE2 /* ExternalDesktopView.swift */; };
		0B088A7F08C446DF947D7953 /* HostEditorView.swift in Sources */ = {isa = PBXBuildFile; fileRef = 8FB32D1C85514098BCEC9D9A /* HostEditorView.swift */; };
		079141D3DA5A4F94AC0C553D /* HostListView.swift in Sources */ = {isa = PBXBuildFile; fileRef = E948FB81A9DC4C5EA2DF5E49 /* HostListView.swift */; };
		343493F57FB24100B0CCEC29 /* RemoteDesktopView.swift in Sources */ = {isa = PBXBuildFile; fileRef = 49B5C50F78A34E2C89D037CF /* RemoteDesktopView.swift */; };
		E9C05F1E55F8498EB6BFF053 /* SecondScreenGuideView.swift in Sources */ = {isa = PBXBuildFile; fileRef = 9BD8519329AD42EFA6B38DFD /* SecondScreenGuideView.swift */; };
		FCBCF7AFA6B64A9083B451E8 /* SessionConnectionBar.swift in Sources */ = {isa = PBXBuildFile; fileRef = 7D6DBFFF54C346B3B081105F /* SessionConnectionBar.swift */; };
		0A1972C5A2AB4ADDBFEF8E4C /* SessionToolbar.swift in Sources */ = {isa = PBXBuildFile; fileRef = B3010BE2B0BD44849FFF8AAC /* SessionToolbar.swift */; };
		F05BC0CBA8CC4806B8A927DD /* SessionView.swift in Sources */ = {isa = PBXBuildFile; fileRef = 850276BC9C3247F48B5614A3 /* SessionView.swift */; };
		E111CDBF9AD74581A2046B56 /* TouchpadView.swift in Sources */ = {isa = PBXBuildFile; fileRef = 927BB6F5F8F344649286CEA2 /* TouchpadView.swift */; };
		E724EEBFC9FD433682943D2F /* FunctionKeyPad.swift in Sources */ = {isa = PBXBuildFile; fileRef = 211465BE6DBF448487A89E57 /* FunctionKeyPad.swift */; };
		2B6FD6D9FCE5413AA1F3DFC2 /* ModifierKeyBar.swift in Sources */ = {isa = PBXBuildFile; fileRef = F3068F8845A84582A69F8F63 /* ModifierKeyBar.swift */; };
		160D5774080D4D55B8FCE419 /* OnScreenKeyboardView.swift in Sources */ = {isa = PBXBuildFile; fileRef = 68CE70EA9BC848C6BE3B1638 /* OnScreenKeyboardView.swift */; };
		A27B5E98707A46B9907A90A3 /* RemoteKeyboardHost.swift in Sources */ = {isa = PBXBuildFile; fileRef = 80471363480F43F1852F92CA /* RemoteKeyboardHost.swift */; };
		6D2E51B8A6DA42EDA93D5B07 /* SessionExternalDisplayHost.swift in Sources */ = {isa = PBXBuildFile; fileRef = 3D9C70FC15C9459AB7A24B17 /* SessionExternalDisplayHost.swift */; };
		B7141F2B809D49B7920AB49C /* WindowsAuxiliaryKeyboardView.swift in Sources */ = {isa = PBXBuildFile; fileRef = 7B013CFA4DEE464C84D998A8 /* WindowsAuxiliaryKeyboardView.swift */; };
		36E393FA1AA544328C06DC71 /* WindowsRemoteKeyboardPanel.swift in Sources */ = {isa = PBXBuildFile; fileRef = 338A1E4925B641029BCD463C /* WindowsRemoteKeyboardPanel.swift */; };
		76912295EE6E4E43A0DF3302 /* AudioSessionManager.swift in Sources */ = {isa = PBXBuildFile; fileRef = C2FA3D9431E2459E91F2C869 /* AudioSessionManager.swift */; };
		8CC2699F02FD481683774F81 /* ColorModeProcessor.swift in Sources */ = {isa = PBXBuildFile; fileRef = F3436001DABF42F792AD314E /* ColorModeProcessor.swift */; };
		EF8FAC5ECDC54679980881E1 /* ExternalDisplayManager.swift in Sources */ = {isa = PBXBuildFile; fileRef = C858B31CA54849AD875DD7A6 /* ExternalDisplayManager.swift */; };
		C49CCD0D3A104D0E9F754C17 /* HostStore.swift in Sources */ = {isa = PBXBuildFile; fileRef = 71BDFDA9710A44068DDAAED2 /* HostStore.swift */; };
		ABF958014FD141999A186F4F /* KeychainService.swift in Sources */ = {isa = PBXBuildFile; fileRef = FB1556EB5C5045D6B6D01C11 /* KeychainService.swift */; };
		AC194953FB9449BA98366C0C /* NetworkPathObserver.swift in Sources */ = {isa = PBXBuildFile; fileRef = 29D868B39626420E9E577C67 /* NetworkPathObserver.swift */; };
		A68EBF65D1AD4556BF0B3E69 /* RDPErrorFormatter.swift in Sources */ = {isa = PBXBuildFile; fileRef = 721A1B0A7A2840499EB594A6 /* RDPErrorFormatter.swift */; };
		F5CACF78B8004AADB0DD0CD1 /* ScreenWakeLock.swift in Sources */ = {isa = PBXBuildFile; fileRef = 21D75C13B671401381C013B6 /* ScreenWakeLock.swift */; };
		76E48498987F430082EA82D3 /* SessionOrientationManager.swift in Sources */ = {isa = PBXBuildFile; fileRef = 5A1EB57D0CCB42F49529AF6C /* SessionOrientationManager.swift */; };
		80BBF80C58C943F2BFC06A3F /* FrameBandwidthEstimator.swift in Sources */ = {isa = PBXBuildFile; fileRef = 5F6AFD8918A74B59B0235483 /* FrameBandwidthEstimator.swift */; };
		F607726940D642F5B80AC117 /* NetworkQualityMonitor.swift in Sources */ = {isa = PBXBuildFile; fileRef = 43C6D8FB01C7459088596484 /* NetworkQualityMonitor.swift */; };
		FE55EF0EA5CD457AA09AD27F /* RDPScanCode.swift in Sources */ = {isa = PBXBuildFile; fileRef = 756D82CF83B8448DA6A822CF /* RDPScanCode.swift */; };
		D69D964EF1174340BDEBA2AA /* RDPSessionController.swift in Sources */ = {isa = PBXBuildFile; fileRef = B7A4E6AE01094687B9B8BFAB /* RDPSessionController.swift */; };
		5F2B33026C6740A69A74D6A3 /* RDPSessionProtocol.swift in Sources */ = {isa = PBXBuildFile; fileRef = E7D1230D926E4B83B7754247 /* RDPSessionProtocol.swift */; };
		3523F1D89004410DBA57102D /* RemoteMouseMode.swift in Sources */ = {isa = PBXBuildFile; fileRef = 549288934B9A492F8A1573A4 /* RemoteMouseMode.swift */; };
		D9127F6952134D6EAC77651E /* StubRDPSession.swift in Sources */ = {isa = PBXBuildFile; fileRef = 77BD737CFF5947239F8B63ED /* StubRDPSession.swift */; };
		8B771B592DD04F39A4CD9FCD /* rdp_bridge.c in Sources */ = {isa = PBXBuildFile; fileRef = 7CAEC5CCBCF94B94A5A9A202 /* rdp_bridge.c */; };
		A0E9BC17AA1C487D87D539CC /* rdp_bridge_freerdp.c in Sources */ = {isa = PBXBuildFile; fileRef = A1391BB9CAEA4FC188519F7C /* rdp_bridge_freerdp.c */; };
/* End PBXBuildFile section */

/* Begin PBXFileReference section */
		BE5862B10BC74C74A1A0FFD8 /* RDPAirPlay.app */ = {isa = PBXFileReference; explicitFileType = wrapper.application; includeInIndex = 0; path = RDPAirPlay.app; sourceTree = BUILT_PRODUCTS_DIR; };
		B20047570888438B8333C86C /* Assets.xcassets */ = {isa = PBXFileReference; lastKnownFileType = folder.assetcatalog; path = "RDPAirPlay/Assets.xcassets"; sourceTree = SOURCE_ROOT; };
		3F10D21B392A489487937325 /* RDPAirPlayApp.swift */ = {isa = PBXFileReference; lastKnownFileType = sourcecode.swift; path = "RDPAirPlay/RDPAirPlayApp.swift"; sourceTree = SOURCE_ROOT; };
		540B2629A75E423C98F91AFE /* AppDelegate.swift */ = {isa = PBXFileReference; lastKnownFileType = sourcecode.swift; path = "RDPAirPlay/App/AppDelegate.swift"; sourceTree = SOURCE_ROOT; };
		3D3A23A1163445A88454592A /* ExternalDisplaySceneDelegate.swift */ = {isa = PBXFileReference; lastKnownFileType = sourcecode.swift; path = "RDPAirPlay/App/ExternalDisplaySceneDelegate.swift"; sourceTree = SOURCE_ROOT; };
		6F50578BFC174D13A3328D69 /* HardwareKeyboardHost.swift */ = {isa = PBXFileReference; lastKnownFileType = sourcecode.swift; path = "RDPAirPlay/Input/HardwareKeyboardHost.swift"; sourceTree = SOURCE_ROOT; };
		D54E9E68BDF24CA4B652744F /* HardwareKeyboardMapper.swift */ = {isa = PBXFileReference; lastKnownFileType = sourcecode.swift; path = "RDPAirPlay/Input/HardwareKeyboardMapper.swift"; sourceTree = SOURCE_ROOT; };
		5FF8F96E00484B7387CB694D /* MouseInputHandler.swift */ = {isa = PBXFileReference; lastKnownFileType = sourcecode.swift; path = "RDPAirPlay/Input/MouseInputHandler.swift"; sourceTree = SOURCE_ROOT; };
		3DA19356C60E425BABB832FF /* SessionInputCoordinator.swift */ = {isa = PBXFileReference; lastKnownFileType = sourcecode.swift; path = "RDPAirPlay/Input/SessionInputCoordinator.swift"; sourceTree = SOURCE_ROOT; };
		A50DCAE003DE4F74AB28AC1A /* RDPBridge.swift */ = {isa = PBXFileReference; lastKnownFileType = sourcecode.swift; path = "RDPAirPlay/Bridge/RDPBridge.swift"; sourceTree = SOURCE_ROOT; };
		594EFDE7D1E1439ABF83094D /* RDPFrameConverter.swift */ = {isa = PBXFileReference; lastKnownFileType = sourcecode.swift; path = "RDPAirPlay/Bridge/RDPFrameConverter.swift"; sourceTree = SOURCE_ROOT; };
		9B167DB0F030476B956B8176 /* ColorMode.swift */ = {isa = PBXFileReference; lastKnownFileType = sourcecode.swift; path = "RDPAirPlay/Models/ColorMode.swift"; sourceTree = SOURCE_ROOT; };
		6AF74EDF3A264184BFA81361 /* HostProfile.swift */ = {isa = PBXFileReference; lastKnownFileType = sourcecode.swift; path = "RDPAirPlay/Models/HostProfile.swift"; sourceTree = SOURCE_ROOT; };
		164A23AB04004E0B84CE4ABF /* RDPConnectionError.swift */ = {isa = PBXFileReference; lastKnownFileType = sourcecode.swift; path = "RDPAirPlay/Models/RDPConnectionError.swift"; sourceTree = SOURCE_ROOT; };
		FAF76E1DBE054D9A9BA767E6 /* ResolutionPreset.swift */ = {isa = PBXFileReference; lastKnownFileType = sourcecode.swift; path = "RDPAirPlay/Models/ResolutionPreset.swift"; sourceTree = SOURCE_ROOT; };
		E1BD25A5AC3C475ABF762827 /* SessionState.swift */ = {isa = PBXFileReference; lastKnownFileType = sourcecode.swift; path = "RDPAirPlay/Models/SessionState.swift"; sourceTree = SOURCE_ROOT; };
		4C467448A59049BDB8E11FE2 /* ExternalDesktopView.swift */ = {isa = PBXFileReference; lastKnownFileType = sourcecode.swift; path = "RDPAirPlay/Views/ExternalDesktopView.swift"; sourceTree = SOURCE_ROOT; };
		8FB32D1C85514098BCEC9D9A /* HostEditorView.swift */ = {isa = PBXFileReference; lastKnownFileType = sourcecode.swift; path = "RDPAirPlay/Views/HostEditorView.swift"; sourceTree = SOURCE_ROOT; };
		E948FB81A9DC4C5EA2DF5E49 /* HostListView.swift */ = {isa = PBXFileReference; lastKnownFileType = sourcecode.swift; path = "RDPAirPlay/Views/HostListView.swift"; sourceTree = SOURCE_ROOT; };
		49B5C50F78A34E2C89D037CF /* RemoteDesktopView.swift */ = {isa = PBXFileReference; lastKnownFileType = sourcecode.swift; path = "RDPAirPlay/Views/RemoteDesktopView.swift"; sourceTree = SOURCE_ROOT; };
		9BD8519329AD42EFA6B38DFD /* SecondScreenGuideView.swift */ = {isa = PBXFileReference; lastKnownFileType = sourcecode.swift; path = "RDPAirPlay/Views/SecondScreenGuideView.swift"; sourceTree = SOURCE_ROOT; };
		7D6DBFFF54C346B3B081105F /* SessionConnectionBar.swift */ = {isa = PBXFileReference; lastKnownFileType = sourcecode.swift; path = "RDPAirPlay/Views/SessionConnectionBar.swift"; sourceTree = SOURCE_ROOT; };
		B3010BE2B0BD44849FFF8AAC /* SessionToolbar.swift */ = {isa = PBXFileReference; lastKnownFileType = sourcecode.swift; path = "RDPAirPlay/Views/SessionToolbar.swift"; sourceTree = SOURCE_ROOT; };
		850276BC9C3247F48B5614A3 /* SessionView.swift */ = {isa = PBXFileReference; lastKnownFileType = sourcecode.swift; path = "RDPAirPlay/Views/SessionView.swift"; sourceTree = SOURCE_ROOT; };
		927BB6F5F8F344649286CEA2 /* TouchpadView.swift */ = {isa = PBXFileReference; lastKnownFileType = sourcecode.swift; path = "RDPAirPlay/Views/TouchpadView.swift"; sourceTree = SOURCE_ROOT; };
		211465BE6DBF448487A89E57 /* FunctionKeyPad.swift */ = {isa = PBXFileReference; lastKnownFileType = sourcecode.swift; path = "RDPAirPlay/Views/Components/FunctionKeyPad.swift"; sourceTree = SOURCE_ROOT; };
		F3068F8845A84582A69F8F63 /* ModifierKeyBar.swift */ = {isa = PBXFileReference; lastKnownFileType = sourcecode.swift; path = "RDPAirPlay/Views/Components/ModifierKeyBar.swift"; sourceTree = SOURCE_ROOT; };
		68CE70EA9BC848C6BE3B1638 /* OnScreenKeyboardView.swift */ = {isa = PBXFileReference; lastKnownFileType = sourcecode.swift; path = "RDPAirPlay/Views/Components/OnScreenKeyboardView.swift"; sourceTree = SOURCE_ROOT; };
		80471363480F43F1852F92CA /* RemoteKeyboardHost.swift */ = {isa = PBXFileReference; lastKnownFileType = sourcecode.swift; path = "RDPAirPlay/Views/Components/RemoteKeyboardHost.swift"; sourceTree = SOURCE_ROOT; };
		3D9C70FC15C9459AB7A24B17 /* SessionExternalDisplayHost.swift */ = {isa = PBXFileReference; lastKnownFileType = sourcecode.swift; path = "RDPAirPlay/Views/Components/SessionExternalDisplayHost.swift"; sourceTree = SOURCE_ROOT; };
		7B013CFA4DEE464C84D998A8 /* WindowsAuxiliaryKeyboardView.swift */ = {isa = PBXFileReference; lastKnownFileType = sourcecode.swift; path = "RDPAirPlay/Views/Components/WindowsAuxiliaryKeyboardView.swift"; sourceTree = SOURCE_ROOT; };
		338A1E4925B641029BCD463C /* WindowsRemoteKeyboardPanel.swift */ = {isa = PBXFileReference; lastKnownFileType = sourcecode.swift; path = "RDPAirPlay/Views/Components/WindowsRemoteKeyboardPanel.swift"; sourceTree = SOURCE_ROOT; };
		C2FA3D9431E2459E91F2C869 /* AudioSessionManager.swift */ = {isa = PBXFileReference; lastKnownFileType = sourcecode.swift; path = "RDPAirPlay/Services/AudioSessionManager.swift"; sourceTree = SOURCE_ROOT; };
		F3436001DABF42F792AD314E /* ColorModeProcessor.swift */ = {isa = PBXFileReference; lastKnownFileType = sourcecode.swift; path = "RDPAirPlay/Services/ColorModeProcessor.swift"; sourceTree = SOURCE_ROOT; };
		C858B31CA54849AD875DD7A6 /* ExternalDisplayManager.swift */ = {isa = PBXFileReference; lastKnownFileType = sourcecode.swift; path = "RDPAirPlay/Services/ExternalDisplayManager.swift"; sourceTree = SOURCE_ROOT; };
		71BDFDA9710A44068DDAAED2 /* HostStore.swift */ = {isa = PBXFileReference; lastKnownFileType = sourcecode.swift; path = "RDPAirPlay/Services/HostStore.swift"; sourceTree = SOURCE_ROOT; };
		FB1556EB5C5045D6B6D01C11 /* KeychainService.swift */ = {isa = PBXFileReference; lastKnownFileType = sourcecode.swift; path = "RDPAirPlay/Services/KeychainService.swift"; sourceTree = SOURCE_ROOT; };
		29D868B39626420E9E577C67 /* NetworkPathObserver.swift */ = {isa = PBXFileReference; lastKnownFileType = sourcecode.swift; path = "RDPAirPlay/Services/NetworkPathObserver.swift"; sourceTree = SOURCE_ROOT; };
		721A1B0A7A2840499EB594A6 /* RDPErrorFormatter.swift */ = {isa = PBXFileReference; lastKnownFileType = sourcecode.swift; path = "RDPAirPlay/Services/RDPErrorFormatter.swift"; sourceTree = SOURCE_ROOT; };
		21D75C13B671401381C013B6 /* ScreenWakeLock.swift */ = {isa = PBXFileReference; lastKnownFileType = sourcecode.swift; path = "RDPAirPlay/Services/ScreenWakeLock.swift"; sourceTree = SOURCE_ROOT; };
		5A1EB57D0CCB42F49529AF6C /* SessionOrientationManager.swift */ = {isa = PBXFileReference; lastKnownFileType = sourcecode.swift; path = "RDPAirPlay/Services/SessionOrientationManager.swift"; sourceTree = SOURCE_ROOT; };
		5F6AFD8918A74B59B0235483 /* FrameBandwidthEstimator.swift */ = {isa = PBXFileReference; lastKnownFileType = sourcecode.swift; path = "RDPAirPlay/Session/FrameBandwidthEstimator.swift"; sourceTree = SOURCE_ROOT; };
		43C6D8FB01C7459088596484 /* NetworkQualityMonitor.swift */ = {isa = PBXFileReference; lastKnownFileType = sourcecode.swift; path = "RDPAirPlay/Session/NetworkQualityMonitor.swift"; sourceTree = SOURCE_ROOT; };
		756D82CF83B8448DA6A822CF /* RDPScanCode.swift */ = {isa = PBXFileReference; lastKnownFileType = sourcecode.swift; path = "RDPAirPlay/Session/RDPScanCode.swift"; sourceTree = SOURCE_ROOT; };
		B7A4E6AE01094687B9B8BFAB /* RDPSessionController.swift */ = {isa = PBXFileReference; lastKnownFileType = sourcecode.swift; path = "RDPAirPlay/Session/RDPSessionController.swift"; sourceTree = SOURCE_ROOT; };
		E7D1230D926E4B83B7754247 /* RDPSessionProtocol.swift */ = {isa = PBXFileReference; lastKnownFileType = sourcecode.swift; path = "RDPAirPlay/Session/RDPSessionProtocol.swift"; sourceTree = SOURCE_ROOT; };
		549288934B9A492F8A1573A4 /* RemoteMouseMode.swift */ = {isa = PBXFileReference; lastKnownFileType = sourcecode.swift; path = "RDPAirPlay/Session/RemoteMouseMode.swift"; sourceTree = SOURCE_ROOT; };
		77BD737CFF5947239F8B63ED /* StubRDPSession.swift */ = {isa = PBXFileReference; lastKnownFileType = sourcecode.swift; path = "RDPAirPlay/Session/StubRDPSession.swift"; sourceTree = SOURCE_ROOT; };
		7CAEC5CCBCF94B94A5A9A202 /* rdp_bridge.c */ = {isa = PBXFileReference; lastKnownFileType = sourcecode.c.c; path = "../native/src/rdp_bridge.c"; sourceTree = SOURCE_ROOT; };
		A1391BB9CAEA4FC188519F7C /* rdp_bridge_freerdp.c */ = {isa = PBXFileReference; lastKnownFileType = sourcecode.c.c; path = "../native/src/rdp_bridge_freerdp.c"; sourceTree = SOURCE_ROOT; };
/* End PBXFileReference section */

/* Begin PBXFrameworksBuildPhase section */
		9207A32C0CD04C84ADA05161 /* Frameworks */ = {
			isa = PBXFrameworksBuildPhase;
			buildActionMask = 2147483647;
			files = (
			);
			runOnlyForDeploymentPostprocessing = 0;
		};
/* End PBXFrameworksBuildPhase section */

/* Begin PBXGroup section */
		390CBE848F1D49C688F48777 /* Products */ = {
			isa = PBXGroup;
			children = (
				BE5862B10BC74C74A1A0FFD8 /* RDPAirPlay.app */,
			);
			name = Products;
			sourceTree = "<group>";
		};
		8837F9835CEF4316A8D0BEF1 /* RDPAirPlay */ = {
			isa = PBXGroup;
			children = (
B20047570888438B8333C86C /* Assets.xcassets */,
				3F10D21B392A489487937325 /* RDPAirPlayApp.swift */,
				540B2629A75E423C98F91AFE /* AppDelegate.swift */,
				3D3A23A1163445A88454592A /* ExternalDisplaySceneDelegate.swift */,
				6F50578BFC174D13A3328D69 /* HardwareKeyboardHost.swift */,
				D54E9E68BDF24CA4B652744F /* HardwareKeyboardMapper.swift */,
				5FF8F96E00484B7387CB694D /* MouseInputHandler.swift */,
				3DA19356C60E425BABB832FF /* SessionInputCoordinator.swift */,
				A50DCAE003DE4F74AB28AC1A /* RDPBridge.swift */,
				594EFDE7D1E1439ABF83094D /* RDPFrameConverter.swift */,
				9B167DB0F030476B956B8176 /* ColorMode.swift */,
				6AF74EDF3A264184BFA81361 /* HostProfile.swift */,
				164A23AB04004E0B84CE4ABF /* RDPConnectionError.swift */,
				FAF76E1DBE054D9A9BA767E6 /* ResolutionPreset.swift */,
				E1BD25A5AC3C475ABF762827 /* SessionState.swift */,
				4C467448A59049BDB8E11FE2 /* ExternalDesktopView.swift */,
				8FB32D1C85514098BCEC9D9A /* HostEditorView.swift */,
				E948FB81A9DC4C5EA2DF5E49 /* HostListView.swift */,
				49B5C50F78A34E2C89D037CF /* RemoteDesktopView.swift */,
				9BD8519329AD42EFA6B38DFD /* SecondScreenGuideView.swift */,
				7D6DBFFF54C346B3B081105F /* SessionConnectionBar.swift */,
				B3010BE2B0BD44849FFF8AAC /* SessionToolbar.swift */,
				850276BC9C3247F48B5614A3 /* SessionView.swift */,
				927BB6F5F8F344649286CEA2 /* TouchpadView.swift */,
				211465BE6DBF448487A89E57 /* FunctionKeyPad.swift */,
				F3068F8845A84582A69F8F63 /* ModifierKeyBar.swift */,
				68CE70EA9BC848C6BE3B1638 /* OnScreenKeyboardView.swift */,
				80471363480F43F1852F92CA /* RemoteKeyboardHost.swift */,
				3D9C70FC15C9459AB7A24B17 /* SessionExternalDisplayHost.swift */,
				7B013CFA4DEE464C84D998A8 /* WindowsAuxiliaryKeyboardView.swift */,
				338A1E4925B641029BCD463C /* WindowsRemoteKeyboardPanel.swift */,
				C2FA3D9431E2459E91F2C869 /* AudioSessionManager.swift */,
				F3436001DABF42F792AD314E /* ColorModeProcessor.swift */,
				C858B31CA54849AD875DD7A6 /* ExternalDisplayManager.swift */,
				71BDFDA9710A44068DDAAED2 /* HostStore.swift */,
				FB1556EB5C5045D6B6D01C11 /* KeychainService.swift */,
				29D868B39626420E9E577C67 /* NetworkPathObserver.swift */,
				721A1B0A7A2840499EB594A6 /* RDPErrorFormatter.swift */,
				21D75C13B671401381C013B6 /* ScreenWakeLock.swift */,
				5A1EB57D0CCB42F49529AF6C /* SessionOrientationManager.swift */,
				5F6AFD8918A74B59B0235483 /* FrameBandwidthEstimator.swift */,
				43C6D8FB01C7459088596484 /* NetworkQualityMonitor.swift */,
				756D82CF83B8448DA6A822CF /* RDPScanCode.swift */,
				B7A4E6AE01094687B9B8BFAB /* RDPSessionController.swift */,
				E7D1230D926E4B83B7754247 /* RDPSessionProtocol.swift */,
				549288934B9A492F8A1573A4 /* RemoteMouseMode.swift */,
				77BD737CFF5947239F8B63ED /* StubRDPSession.swift */,
				7CAEC5CCBCF94B94A5A9A202 /* rdp_bridge.c */,
				A1391BB9CAEA4FC188519F7C /* rdp_bridge_freerdp.c */,
			);
			name = RDPAirPlay;
			sourceTree = "<group>";
		};
		6DB57EC6B45742BDB550DF38 = {
			isa = PBXGroup;
			children = (
				8837F9835CEF4316A8D0BEF1 /* RDPAirPlay */,
				390CBE848F1D49C688F48777 /* Products */,
			);
			sourceTree = "<group>";
		};
/* End PBXGroup section */

/* Begin PBXNativeTarget section */
		DDEC50C7712C4B79BCCF1604 /* RDPAirPlay */ = {
			isa = PBXNativeTarget;
			buildConfigurationList = 627C0DA44EB24BD491E9D973 /* Build configuration list for PBXNativeTarget "RDPAirPlay" */;
			buildPhases = (
				E046F613312A463696DDC532 /* Sources */,
				9207A32C0CD04C84ADA05161 /* Frameworks */,
				826A58CC942B4CE8A77DE822 /* Resources */,
			);
			buildRules = (
			);
			dependencies = (
			);
			name = RDPAirPlay;
			productName = RDPAirPlay;
			productReference = BE5862B10BC74C74A1A0FFD8 /* RDPAirPlay.app */;
			productType = "com.apple.product-type.application";
		};
/* End PBXNativeTarget section */

/* Begin PBXProject section */
		30BBBFD118844990BEC0F114 /* Project object */ = {
			isa = PBXProject;
			attributes = {
				BuildIndependentTargetsInParallel = 1;
				LastSwiftUpdateCheck = 1500;
				LastUpgradeCheck = 1500;
			};
			buildConfigurationList = 3A7C772D23424A27956E3327 /* Build configuration list for PBXProject "RDPAirPlay" */;
			compatibilityVersion = "Xcode 14.0";
			developmentRegion = "zh-Hans";
			hasScannedForEncodings = 0;
			knownRegions = (
				en,
				Base,
				"zh-Hans",
			);
			mainGroup = 6DB57EC6B45742BDB550DF38;
			productRefGroup = 390CBE848F1D49C688F48777 /* Products */;
			projectDirPath = "";
			projectRoot = "";
			targets = (
				DDEC50C7712C4B79BCCF1604 /* RDPAirPlay */,
			);
		};
/* End PBXProject section */

/* Begin PBXResourcesBuildPhase section */
		826A58CC942B4CE8A77DE822 /* Resources */ = {
			isa = PBXResourcesBuildPhase;
			buildActionMask = 2147483647;
			files = (
				DAE299CE2FAA487F83FD4589 /* Assets.xcassets in Resources */,
			);
			runOnlyForDeploymentPostprocessing = 0;
		};
/* End PBXResourcesBuildPhase section */

/* Begin PBXSourcesBuildPhase section */
		E046F613312A463696DDC532 /* Sources */ = {
			isa = PBXSourcesBuildPhase;
			buildActionMask = 2147483647;
			files = (
				0F0785A5921242E68A5B7D55 /* RDPAirPlayApp.swift in Sources */,
				E91E7792858346FBBA595637 /* AppDelegate.swift in Sources */,
				06E1FC23B76847EFA019C87C /* ExternalDisplaySceneDelegate.swift in Sources */,
				CA75E72E972340908B1C9A12 /* HardwareKeyboardHost.swift in Sources */,
				72E077B00EF14B7F9EBA13EB /* HardwareKeyboardMapper.swift in Sources */,
				CC3F2D48E4384853862C3867 /* MouseInputHandler.swift in Sources */,
				7B7E8D3C4B2C4B468910FD8C /* SessionInputCoordinator.swift in Sources */,
				B9690EA1C63744AFA9CEAFCD /* RDPBridge.swift in Sources */,
				CC31AF4BA2BB44DA87D91A9B /* RDPFrameConverter.swift in Sources */,
				FD401240A97E4611B7A7E1E4 /* ColorMode.swift in Sources */,
				239B93380B204527BF986E34 /* HostProfile.swift in Sources */,
				CA110303AD8641A3A8B8B39F /* RDPConnectionError.swift in Sources */,
				3F529CC4128344E69EC51FBA /* ResolutionPreset.swift in Sources */,
				96CF7A98B868455EB952A550 /* SessionState.swift in Sources */,
				6884E0463FCB4879BF5DFC6A /* ExternalDesktopView.swift in Sources */,
				0B088A7F08C446DF947D7953 /* HostEditorView.swift in Sources */,
				079141D3DA5A4F94AC0C553D /* HostListView.swift in Sources */,
				343493F57FB24100B0CCEC29 /* RemoteDesktopView.swift in Sources */,
				E9C05F1E55F8498EB6BFF053 /* SecondScreenGuideView.swift in Sources */,
				FCBCF7AFA6B64A9083B451E8 /* SessionConnectionBar.swift in Sources */,
				0A1972C5A2AB4ADDBFEF8E4C /* SessionToolbar.swift in Sources */,
				F05BC0CBA8CC4806B8A927DD /* SessionView.swift in Sources */,
				E111CDBF9AD74581A2046B56 /* TouchpadView.swift in Sources */,
				E724EEBFC9FD433682943D2F /* FunctionKeyPad.swift in Sources */,
				2B6FD6D9FCE5413AA1F3DFC2 /* ModifierKeyBar.swift in Sources */,
				160D5774080D4D55B8FCE419 /* OnScreenKeyboardView.swift in Sources */,
				A27B5E98707A46B9907A90A3 /* RemoteKeyboardHost.swift in Sources */,
				6D2E51B8A6DA42EDA93D5B07 /* SessionExternalDisplayHost.swift in Sources */,
				B7141F2B809D49B7920AB49C /* WindowsAuxiliaryKeyboardView.swift in Sources */,
				36E393FA1AA544328C06DC71 /* WindowsRemoteKeyboardPanel.swift in Sources */,
				76912295EE6E4E43A0DF3302 /* AudioSessionManager.swift in Sources */,
				8CC2699F02FD481683774F81 /* ColorModeProcessor.swift in Sources */,
				EF8FAC5ECDC54679980881E1 /* ExternalDisplayManager.swift in Sources */,
				C49CCD0D3A104D0E9F754C17 /* HostStore.swift in Sources */,
				ABF958014FD141999A186F4F /* KeychainService.swift in Sources */,
				AC194953FB9449BA98366C0C /* NetworkPathObserver.swift in Sources */,
				A68EBF65D1AD4556BF0B3E69 /* RDPErrorFormatter.swift in Sources */,
				F5CACF78B8004AADB0DD0CD1 /* ScreenWakeLock.swift in Sources */,
				76E48498987F430082EA82D3 /* SessionOrientationManager.swift in Sources */,
				80BBF80C58C943F2BFC06A3F /* FrameBandwidthEstimator.swift in Sources */,
				F607726940D642F5B80AC117 /* NetworkQualityMonitor.swift in Sources */,
				FE55EF0EA5CD457AA09AD27F /* RDPScanCode.swift in Sources */,
				D69D964EF1174340BDEBA2AA /* RDPSessionController.swift in Sources */,
				5F2B33026C6740A69A74D6A3 /* RDPSessionProtocol.swift in Sources */,
				3523F1D89004410DBA57102D /* RemoteMouseMode.swift in Sources */,
				D9127F6952134D6EAC77651E /* StubRDPSession.swift in Sources */,
				8B771B592DD04F39A4CD9FCD /* rdp_bridge.c in Sources */,
				A0E9BC17AA1C487D87D539CC /* rdp_bridge_freerdp.c in Sources */,
			);
			runOnlyForDeploymentPostprocessing = 0;
		};
/* End PBXSourcesBuildPhase section */

/* Begin XCBuildConfiguration section */
		72C3B467123B413CA313CDA5 /* Debug */ = {
			isa = XCBuildConfiguration;
			buildSettings = {
				ALWAYS_SEARCH_USER_PATHS = NO;
				CLANG_ANALYZER_NONNULL = YES;
				CLANG_ENABLE_OBJC_ARC = YES;
				COPY_PHASE_STRIP = NO;
				DEBUG_INFORMATION_FORMAT = dwarf;
				ENABLE_TESTABILITY = YES;
				GCC_DYNAMIC_NO_PIC = NO;
				GCC_OPTIMIZATION_LEVEL = 0;
				IPHONEOS_DEPLOYMENT_TARGET = 16.0;
				ONLY_ACTIVE_ARCH = YES;
				SDKROOT = iphoneos;
				SWIFT_ACTIVE_COMPILATION_CONDITIONS = DEBUG;
				SWIFT_OPTIMIZATION_LEVEL = "-Onone";
			};
			name = Debug;
		};
		18B71A7BB3F341C98618A821 /* Release */ = {
			isa = XCBuildConfiguration;
			buildSettings = {
				ALWAYS_SEARCH_USER_PATHS = NO;
				CLANG_ANALYZER_NONNULL = YES;
				CLANG_ENABLE_OBJC_ARC = YES;
				COPY_PHASE_STRIP = NO;
				DEBUG_INFORMATION_FORMAT = "dwarf-with-dsym";
				IPHONEOS_DEPLOYMENT_TARGET = 16.0;
				SDKROOT = iphoneos;
				SWIFT_COMPILATION_MODE = wholemodule;
				VALIDATE_PRODUCT = YES;
			};
			name = Release;
		};
		9C24020109234E95B3504855 /* Debug */ = {
			isa = XCBuildConfiguration;
			buildSettings = {

				ASSETCATALOG_COMPILER_APPICON_NAME = AppIcon;
				ASSETCATALOG_COMPILER_GLOBAL_ACCENT_COLOR_NAME = AccentColor;
				CLANG_ENABLE_MODULES = YES;
				CODE_SIGN_STYLE = Automatic;
				CURRENT_PROJECT_VERSION = 1;
				ENABLE_PREVIEWS = YES;
				GENERATE_INFOPLIST_FILE = NO;
				HEADER_SEARCH_PATHS = (
					"$(SRCROOT)/../native/include",

					"$(SRCROOT)/../native/dist/freerdp/include",
					"$(SRCROOT)/../native/dist/openssl/ios/include",
					"$(SRCROOT)/../native/dist/openssl/iossimulator/include",
				);
				INFOPLIST_FILE = RDPAirPlay/Info.plist;
				IPHONEOS_DEPLOYMENT_TARGET = 16.0;
				LD_RUNPATH_SEARCH_PATHS = (
					"$(inherited)",
					"@executable_path/Frameworks",
				);

				"EXCLUDED_ARCHS[sdk=iphonesimulator*]" = "$(inherited) arm64";
				"LIBRARY_SEARCH_PATHS[sdk=iphoneos*]" = (
					"$(SRCROOT)/../native/dist/freerdp/lib/iphoneos",
					"$(SRCROOT)/../native/dist/openssl/ios/lib",
				);
				"LIBRARY_SEARCH_PATHS[sdk=iphonesimulator*]" = (
					"$(SRCROOT)/../native/dist/freerdp/lib/iphonesimulator",
					"$(SRCROOT)/../native/dist/openssl/iossimulator/lib",
				);
				OTHER_LDFLAGS = (
					"-ObjC",
					"-lfreerdp-client3",
					"-lremdesk-client",
					"-lremdesk-common",
					"-lrdpsnd-common",
					"-lfreerdp3",
					"-lfreerdp-codecs",
					"-lfreerdp-primitives",
					"-lwinpr3",
					"-lssl",
					"-lcrypto",
					"-lz",
					"-framework",
					AVFoundation,
					"-framework",
					CoreAudio,
					"-framework",
					AudioToolbox,
					"-framework",
					CoreGraphics,
					"-framework",
					Foundation,
					"-framework",
					UIKit,
					"-framework",
					GameController,
				);
				GCC_PREPROCESSOR_DEFINITIONS = (
					"RDP_BRIDGE_HAS_FREERDP=1",
					"$(inherited)",
				);

				MARKETING_VERSION = 0.1.0;
				PRODUCT_BUNDLE_IDENTIFIER = com.rdpairplay.app;
				PRODUCT_NAME = "$(TARGET_NAME)";
				SWIFT_EMIT_LOC_STRINGS = YES;
				SWIFT_OBJC_BRIDGING_HEADER = "RDPAirPlay/RDPAirPlay-Bridging-Header.h";
				SWIFT_VERSION = 5.0;
				TARGETED_DEVICE_FAMILY = "1,2";

			};
			name = Debug;
		};
		46689E92162146359E0BA1E8 /* Release */ = {
			isa = XCBuildConfiguration;
			buildSettings = {

				ASSETCATALOG_COMPILER_APPICON_NAME = AppIcon;
				ASSETCATALOG_COMPILER_GLOBAL_ACCENT_COLOR_NAME = AccentColor;
				CLANG_ENABLE_MODULES = YES;
				CODE_SIGN_STYLE = Automatic;
				CURRENT_PROJECT_VERSION = 1;
				ENABLE_PREVIEWS = YES;
				GENERATE_INFOPLIST_FILE = NO;
				HEADER_SEARCH_PATHS = (
					"$(SRCROOT)/../native/include",

					"$(SRCROOT)/../native/dist/freerdp/include",
					"$(SRCROOT)/../native/dist/openssl/ios/include",
					"$(SRCROOT)/../native/dist/openssl/iossimulator/include",
				);
				INFOPLIST_FILE = RDPAirPlay/Info.plist;
				IPHONEOS_DEPLOYMENT_TARGET = 16.0;
				LD_RUNPATH_SEARCH_PATHS = (
					"$(inherited)",
					"@executable_path/Frameworks",
				);

				"EXCLUDED_ARCHS[sdk=iphonesimulator*]" = "$(inherited) arm64";
				"LIBRARY_SEARCH_PATHS[sdk=iphoneos*]" = (
					"$(SRCROOT)/../native/dist/freerdp/lib/iphoneos",
					"$(SRCROOT)/../native/dist/openssl/ios/lib",
				);
				"LIBRARY_SEARCH_PATHS[sdk=iphonesimulator*]" = (
					"$(SRCROOT)/../native/dist/freerdp/lib/iphonesimulator",
					"$(SRCROOT)/../native/dist/openssl/iossimulator/lib",
				);
				OTHER_LDFLAGS = (
					"-ObjC",
					"-lfreerdp-client3",
					"-lremdesk-client",
					"-lremdesk-common",
					"-lrdpsnd-common",
					"-lfreerdp3",
					"-lfreerdp-codecs",
					"-lfreerdp-primitives",
					"-lwinpr3",
					"-lssl",
					"-lcrypto",
					"-lz",
					"-framework",
					AVFoundation,
					"-framework",
					CoreAudio,
					"-framework",
					AudioToolbox,
					"-framework",
					CoreGraphics,
					"-framework",
					Foundation,
					"-framework",
					UIKit,
					"-framework",
					GameController,
				);
				GCC_PREPROCESSOR_DEFINITIONS = (
					"RDP_BRIDGE_HAS_FREERDP=1",
					"$(inherited)",
				);

				MARKETING_VERSION = 0.1.0;
				PRODUCT_BUNDLE_IDENTIFIER = com.rdpairplay.app;
				PRODUCT_NAME = "$(TARGET_NAME)";
				SWIFT_EMIT_LOC_STRINGS = YES;
				SWIFT_OBJC_BRIDGING_HEADER = "RDPAirPlay/RDPAirPlay-Bridging-Header.h";
				SWIFT_VERSION = 5.0;
				TARGETED_DEVICE_FAMILY = "1,2";

			};
			name = Release;
		};
/* End XCBuildConfiguration section */

/* Begin XCConfigurationList section */
		3A7C772D23424A27956E3327 /* Build configuration list for PBXProject "RDPAirPlay" */ = {
			isa = XCConfigurationList;
			buildConfigurations = (
				72C3B467123B413CA313CDA5 /* Debug */,
				18B71A7BB3F341C98618A821 /* Release */,
			);
			defaultConfigurationIsVisible = 0;
			defaultConfigurationName = Release;
		};
		627C0DA44EB24BD491E9D973 /* Build configuration list for PBXNativeTarget "RDPAirPlay" */ = {
			isa = XCConfigurationList;
			buildConfigurations = (
				9C24020109234E95B3504855 /* Debug */,
				46689E92162146359E0BA1E8 /* Release */,
			);
			defaultConfigurationIsVisible = 0;
			defaultConfigurationName = Release;
		};
/* End XCConfigurationList section */
	};
	rootObject = 30BBBFD118844990BEC0F114 /* Project object */;
}
